
Microsoft Visual Studio Solution File, Format Version 12.00
# Visual Studio 2013
VisualStudioVersion = 12.0.21005.1
MinimumVisualStudioVersion = 10.0.40219.1
Project("{FAE04EC0-301F-11D3-BF4B-00C04F79EFBC}") = "JJS_Tool", "..\Tool\JJS_Tool\JJS_Tool.csproj", "{74B42D25-993F-4C51-87FC-0E28A61F8FAB}"
EndProject
Project("{FAE04EC0-301F-11D3-BF4B-00C04F79EFBC}") = "Camera_Base", "Camera_Base\Camera_Base.csproj", "{E2797891-E5B6-4237-86B2-40C3806F38B9}"
EndProject
Project("{FAE04EC0-301F-11D3-BF4B-00C04F79EFBC}") = "Base_Vision", "..\Vision\Base_Vision\Base_Vision.csproj", "{79CB892B-6A0D-49AE-8014-90A0A5CF8D21}"
EndProject
Project("{FAE04EC0-301F-11D3-BF4B-00C04F79EFBC}") = "CAD", "..\CAD\CAD.csproj", "{4D135B48-DE50-4B70-B1F1-AEEBF4638E84}"
EndProject
Project("{FAE04EC0-301F-11D3-BF4B-00C04F79EFBC}") = "Camera_Sentech", "Camera_Sentech\Camera_Sentech.csproj", "{74B20566-87BC-475E-AAEE-F9A2B6B03086}"
EndProject
Project("{FAE04EC0-301F-11D3-BF4B-00C04F79EFBC}") = "Camera_Euresys", "Camera_Euresys\Camera_Euresys.csproj", "{248F7149-9DC1-4559-9B2A-AC85EE136816}"
EndProject
Project("{FAE04EC0-301F-11D3-BF4B-00C04F79EFBC}") = "Camera_Flir", "Camera_Flir\Camera_Flir.csproj", "{911925EF-D0B6-4DBD-B314-4D40C746A171}"
EndProject
Project("{FAE04EC0-301F-11D3-BF4B-00C04F79EFBC}") = "Camera_Basler", "Camera_Basler\Camera_Basler.csproj", "{3AD0782C-0A35-420A-A5B8-64A96FFBFF76}"
EndProject
Project("{FAE04EC0-301F-11D3-BF4B-00C04F79EFBC}") = "Camera_AD_Link", "Camera_AD_Link\Camera_AD_Link.csproj", "{8E9189FA-42CC-41AA-9329-FCCFF655EAD2}"
EndProject
Global
	GlobalSection(SolutionConfigurationPlatforms) = preSolution
		Debug|Any CPU = Debug|Any CPU
		Debug|x64 = Debug|x64
		Debug|x86 = Debug|x86
		Release|Any CPU = Release|Any CPU
		Release|x64 = Release|x64
		Release|x86 = Release|x86
		x64|Any CPU = x64|Any CPU
		x64|x64 = x64|x64
		x64|x86 = x64|x86
	EndGlobalSection
	GlobalSection(ProjectConfigurationPlatforms) = postSolution
		{74B42D25-993F-4C51-87FC-0E28A61F8FAB}.Debug|Any CPU.ActiveCfg = Debug|Any CPU
		{74B42D25-993F-4C51-87FC-0E28A61F8FAB}.Debug|Any CPU.Build.0 = Debug|Any CPU
		{74B42D25-993F-4C51-87FC-0E28A61F8FAB}.Debug|x64.ActiveCfg = Debug|Any CPU
		{74B42D25-993F-4C51-87FC-0E28A61F8FAB}.Debug|x86.ActiveCfg = Debug|Any CPU
		{74B42D25-993F-4C51-87FC-0E28A61F8FAB}.Release|Any CPU.ActiveCfg = Release|Any CPU
		{74B42D25-993F-4C51-87FC-0E28A61F8FAB}.Release|Any CPU.Build.0 = Release|Any CPU
		{74B42D25-993F-4C51-87FC-0E28A61F8FAB}.Release|x64.ActiveCfg = Release|Any CPU
		{74B42D25-993F-4C51-87FC-0E28A61F8FAB}.Release|x86.ActiveCfg = Release|Any CPU
		{74B42D25-993F-4C51-87FC-0E28A61F8FAB}.x64|Any CPU.ActiveCfg = Release|Any CPU
		{74B42D25-993F-4C51-87FC-0E28A61F8FAB}.x64|Any CPU.Build.0 = Release|Any CPU
		{74B42D25-993F-4C51-87FC-0E28A61F8FAB}.x64|x64.ActiveCfg = Release|Any CPU
		{74B42D25-993F-4C51-87FC-0E28A61F8FAB}.x64|x86.ActiveCfg = Release|Any CPU
		{E2797891-E5B6-4237-86B2-40C3806F38B9}.Debug|Any CPU.ActiveCfg = Debug|Any CPU
		{E2797891-E5B6-4237-86B2-40C3806F38B9}.Debug|Any CPU.Build.0 = Debug|Any CPU
		{E2797891-E5B6-4237-86B2-40C3806F38B9}.Debug|x64.ActiveCfg = Debug|x64
		{E2797891-E5B6-4237-86B2-40C3806F38B9}.Debug|x64.Build.0 = Debug|x64
		{E2797891-E5B6-4237-86B2-40C3806F38B9}.Debug|x86.ActiveCfg = Debug|Any CPU
		{E2797891-E5B6-4237-86B2-40C3806F38B9}.Release|Any CPU.ActiveCfg = Release|Any CPU
		{E2797891-E5B6-4237-86B2-40C3806F38B9}.Release|Any CPU.Build.0 = Release|Any CPU
		{E2797891-E5B6-4237-86B2-40C3806F38B9}.Release|x64.ActiveCfg = Release|x64
		{E2797891-E5B6-4237-86B2-40C3806F38B9}.Release|x64.Build.0 = Release|x64
		{E2797891-E5B6-4237-86B2-40C3806F38B9}.Release|x86.ActiveCfg = Release|Any CPU
		{E2797891-E5B6-4237-86B2-40C3806F38B9}.x64|Any CPU.ActiveCfg = Release|Any CPU
		{E2797891-E5B6-4237-86B2-40C3806F38B9}.x64|Any CPU.Build.0 = Release|Any CPU
		{E2797891-E5B6-4237-86B2-40C3806F38B9}.x64|x64.ActiveCfg = Release|x64
		{E2797891-E5B6-4237-86B2-40C3806F38B9}.x64|x64.Build.0 = Release|x64
		{E2797891-E5B6-4237-86B2-40C3806F38B9}.x64|x86.ActiveCfg = Release|Any CPU
		{79CB892B-6A0D-49AE-8014-90A0A5CF8D21}.Debug|Any CPU.ActiveCfg = Debug|Any CPU
		{79CB892B-6A0D-49AE-8014-90A0A5CF8D21}.Debug|Any CPU.Build.0 = Debug|Any CPU
		{79CB892B-6A0D-49AE-8014-90A0A5CF8D21}.Debug|x64.ActiveCfg = Debug|x64
		{79CB892B-6A0D-49AE-8014-90A0A5CF8D21}.Debug|x64.Build.0 = Debug|x64
		{79CB892B-6A0D-49AE-8014-90A0A5CF8D21}.Debug|x86.ActiveCfg = Debug|Any CPU
		{79CB892B-6A0D-49AE-8014-90A0A5CF8D21}.Release|Any CPU.ActiveCfg = Release|Any CPU
		{79CB892B-6A0D-49AE-8014-90A0A5CF8D21}.Release|Any CPU.Build.0 = Release|Any CPU
		{79CB892B-6A0D-49AE-8014-90A0A5CF8D21}.Release|x64.ActiveCfg = Release|x64
		{79CB892B-6A0D-49AE-8014-90A0A5CF8D21}.Release|x64.Build.0 = Release|x64
		{79CB892B-6A0D-49AE-8014-90A0A5CF8D21}.Release|x86.ActiveCfg = Release|Any CPU
		{79CB892B-6A0D-49AE-8014-90A0A5CF8D21}.x64|Any CPU.ActiveCfg = Release|Any CPU
		{79CB892B-6A0D-49AE-8014-90A0A5CF8D21}.x64|Any CPU.Build.0 = Release|Any CPU
		{79CB892B-6A0D-49AE-8014-90A0A5CF8D21}.x64|x64.ActiveCfg = Release|x64
		{79CB892B-6A0D-49AE-8014-90A0A5CF8D21}.x64|x64.Build.0 = Release|x64
		{79CB892B-6A0D-49AE-8014-90A0A5CF8D21}.x64|x86.ActiveCfg = Release|Any CPU
		{4D135B48-DE50-4B70-B1F1-AEEBF4638E84}.Debug|Any CPU.ActiveCfg = Debug|Any CPU
		{4D135B48-DE50-4B70-B1F1-AEEBF4638E84}.Debug|Any CPU.Build.0 = Debug|Any CPU
		{4D135B48-DE50-4B70-B1F1-AEEBF4638E84}.Debug|x64.ActiveCfg = Debug|Any CPU
		{4D135B48-DE50-4B70-B1F1-AEEBF4638E84}.Debug|x86.ActiveCfg = Debug|Any CPU
		{4D135B48-DE50-4B70-B1F1-AEEBF4638E84}.Release|Any CPU.ActiveCfg = Release|Any CPU
		{4D135B48-DE50-4B70-B1F1-AEEBF4638E84}.Release|Any CPU.Build.0 = Release|Any CPU
		{4D135B48-DE50-4B70-B1F1-AEEBF4638E84}.Release|x64.ActiveCfg = Release|Any CPU
		{4D135B48-DE50-4B70-B1F1-AEEBF4638E84}.Release|x86.ActiveCfg = Release|Any CPU
		{4D135B48-DE50-4B70-B1F1-AEEBF4638E84}.x64|Any CPU.ActiveCfg = Release|Any CPU
		{4D135B48-DE50-4B70-B1F1-AEEBF4638E84}.x64|Any CPU.Build.0 = Release|Any CPU
		{4D135B48-DE50-4B70-B1F1-AEEBF4638E84}.x64|x64.ActiveCfg = Release|Any CPU
		{4D135B48-DE50-4B70-B1F1-AEEBF4638E84}.x64|x86.ActiveCfg = Release|Any CPU
		{74B20566-87BC-475E-AAEE-F9A2B6B03086}.Debug|Any CPU.ActiveCfg = Debug|Any CPU
		{74B20566-87BC-475E-AAEE-F9A2B6B03086}.Debug|Any CPU.Build.0 = Debug|Any CPU
		{74B20566-87BC-475E-AAEE-F9A2B6B03086}.Debug|x64.ActiveCfg = Debug|Any CPU
		{74B20566-87BC-475E-AAEE-F9A2B6B03086}.Debug|x86.ActiveCfg = Debug|Any CPU
		{74B20566-87BC-475E-AAEE-F9A2B6B03086}.Release|Any CPU.ActiveCfg = Release|Any CPU
		{74B20566-87BC-475E-AAEE-F9A2B6B03086}.Release|Any CPU.Build.0 = Release|Any CPU
		{74B20566-87BC-475E-AAEE-F9A2B6B03086}.Release|x64.ActiveCfg = Release|Any CPU
		{74B20566-87BC-475E-AAEE-F9A2B6B03086}.Release|x86.ActiveCfg = Release|Any CPU
		{74B20566-87BC-475E-AAEE-F9A2B6B03086}.x64|Any CPU.ActiveCfg = Release|Any CPU
		{74B20566-87BC-475E-AAEE-F9A2B6B03086}.x64|Any CPU.Build.0 = Release|Any CPU
		{74B20566-87BC-475E-AAEE-F9A2B6B03086}.x64|x64.ActiveCfg = Release|Any CPU
		{74B20566-87BC-475E-AAEE-F9A2B6B03086}.x64|x86.ActiveCfg = Release|Any CPU
		{248F7149-9DC1-4559-9B2A-AC85EE136816}.Debug|Any CPU.ActiveCfg = Debug|Any CPU
		{248F7149-9DC1-4559-9B2A-AC85EE136816}.Debug|Any CPU.Build.0 = Debug|Any CPU
		{248F7149-9DC1-4559-9B2A-AC85EE136816}.Debug|x64.ActiveCfg = Debug|Any CPU
		{248F7149-9DC1-4559-9B2A-AC85EE136816}.Debug|x86.ActiveCfg = Debug|Any CPU
		{248F7149-9DC1-4559-9B2A-AC85EE136816}.Release|Any CPU.ActiveCfg = Release|Any CPU
		{248F7149-9DC1-4559-9B2A-AC85EE136816}.Release|Any CPU.Build.0 = Release|Any CPU
		{248F7149-9DC1-4559-9B2A-AC85EE136816}.Release|x64.ActiveCfg = Release|Any CPU
		{248F7149-9DC1-4559-9B2A-AC85EE136816}.Release|x86.ActiveCfg = Release|Any CPU
		{248F7149-9DC1-4559-9B2A-AC85EE136816}.x64|Any CPU.ActiveCfg = Release|Any CPU
		{248F7149-9DC1-4559-9B2A-AC85EE136816}.x64|Any CPU.Build.0 = Release|Any CPU
		{248F7149-9DC1-4559-9B2A-AC85EE136816}.x64|x64.ActiveCfg = Release|Any CPU
		{248F7149-9DC1-4559-9B2A-AC85EE136816}.x64|x86.ActiveCfg = Release|Any CPU
		{911925EF-D0B6-4DBD-B314-4D40C746A171}.Debug|Any CPU.ActiveCfg = Debug|Any CPU
		{911925EF-D0B6-4DBD-B314-4D40C746A171}.Debug|Any CPU.Build.0 = Debug|Any CPU
		{911925EF-D0B6-4DBD-B314-4D40C746A171}.Debug|x64.ActiveCfg = Debug|Any CPU
		{911925EF-D0B6-4DBD-B314-4D40C746A171}.Debug|x86.ActiveCfg = Debug|x86
		{911925EF-D0B6-4DBD-B314-4D40C746A171}.Debug|x86.Build.0 = Debug|x86
		{911925EF-D0B6-4DBD-B314-4D40C746A171}.Release|Any CPU.ActiveCfg = Release|Any CPU
		{911925EF-D0B6-4DBD-B314-4D40C746A171}.Release|Any CPU.Build.0 = Release|Any CPU
		{911925EF-D0B6-4DBD-B314-4D40C746A171}.Release|x64.ActiveCfg = Release|Any CPU
		{911925EF-D0B6-4DBD-B314-4D40C746A171}.Release|x86.ActiveCfg = Release|x86
		{911925EF-D0B6-4DBD-B314-4D40C746A171}.Release|x86.Build.0 = Release|x86
		{911925EF-D0B6-4DBD-B314-4D40C746A171}.x64|Any CPU.ActiveCfg = x64|Any CPU
		{911925EF-D0B6-4DBD-B314-4D40C746A171}.x64|Any CPU.Build.0 = x64|Any CPU
		{911925EF-D0B6-4DBD-B314-4D40C746A171}.x64|x64.ActiveCfg = x64|Any CPU
		{911925EF-D0B6-4DBD-B314-4D40C746A171}.x64|x86.ActiveCfg = x64|x86
		{911925EF-D0B6-4DBD-B314-4D40C746A171}.x64|x86.Build.0 = x64|x86
		{3AD0782C-0A35-420A-A5B8-64A96FFBFF76}.Debug|Any CPU.ActiveCfg = Debug|Any CPU
		{3AD0782C-0A35-420A-A5B8-64A96FFBFF76}.Debug|Any CPU.Build.0 = Debug|Any CPU
		{3AD0782C-0A35-420A-A5B8-64A96FFBFF76}.Debug|x64.ActiveCfg = Debug|Any CPU
		{3AD0782C-0A35-420A-A5B8-64A96FFBFF76}.Debug|x86.ActiveCfg = Debug|Any CPU
		{3AD0782C-0A35-420A-A5B8-64A96FFBFF76}.Release|Any CPU.ActiveCfg = Release|Any CPU
		{3AD0782C-0A35-420A-A5B8-64A96FFBFF76}.Release|Any CPU.Build.0 = Release|Any CPU
		{3AD0782C-0A35-420A-A5B8-64A96FFBFF76}.Release|x64.ActiveCfg = Release|Any CPU
		{3AD0782C-0A35-420A-A5B8-64A96FFBFF76}.Release|x86.ActiveCfg = Release|Any CPU
		{3AD0782C-0A35-420A-A5B8-64A96FFBFF76}.x64|Any CPU.ActiveCfg = Release|Any CPU
		{3AD0782C-0A35-420A-A5B8-64A96FFBFF76}.x64|Any CPU.Build.0 = Release|Any CPU
		{3AD0782C-0A35-420A-A5B8-64A96FFBFF76}.x64|x64.ActiveCfg = Release|Any CPU
		{3AD0782C-0A35-420A-A5B8-64A96FFBFF76}.x64|x86.ActiveCfg = Release|Any CPU
		{8E9189FA-42CC-41AA-9329-FCCFF655EAD2}.Debug|Any CPU.ActiveCfg = Debug|Any CPU
		{8E9189FA-42CC-41AA-9329-FCCFF655EAD2}.Debug|Any CPU.Build.0 = Debug|Any CPU
		{8E9189FA-42CC-41AA-9329-FCCFF655EAD2}.Debug|x64.ActiveCfg = Debug|Any CPU
		{8E9189FA-42CC-41AA-9329-FCCFF655EAD2}.Debug|x86.ActiveCfg = Debug|Any CPU
		{8E9189FA-42CC-41AA-9329-FCCFF655EAD2}.Release|Any CPU.ActiveCfg = Release|Any CPU
		{8E9189FA-42CC-41AA-9329-FCCFF655EAD2}.Release|Any CPU.Build.0 = Release|Any CPU
		{8E9189FA-42CC-41AA-9329-FCCFF655EAD2}.Release|x64.ActiveCfg = Release|Any CPU
		{8E9189FA-42CC-41AA-9329-FCCFF655EAD2}.Release|x86.ActiveCfg = Release|Any CPU
		{8E9189FA-42CC-41AA-9329-FCCFF655EAD2}.x64|Any CPU.ActiveCfg = Release|Any CPU
		{8E9189FA-42CC-41AA-9329-FCCFF655EAD2}.x64|Any CPU.Build.0 = Release|Any CPU
		{8E9189FA-42CC-41AA-9329-FCCFF655EAD2}.x64|x64.ActiveCfg = Release|Any CPU
		{8E9189FA-42CC-41AA-9329-FCCFF655EAD2}.x64|x86.ActiveCfg = Release|Any CPU
	EndGlobalSection
	GlobalSection(SolutionProperties) = preSolution
		HideSolutionNode = FALSE
	EndGlobalSection
EndGlobal
