
Microsoft Visual Studio Solution File, Format Version 12.00
# Visual Studio 2013
VisualStudioVersion = 12.0.21005.1
MinimumVisualStudioVersion = 10.0.40219.1
Project("{FAE04EC0-301F-11D3-BF4B-00C04F79EFBC}") = "CAB_Printer", "CAB_Printer\CAB_Printer.csproj", "{E871182D-498D-4503-A81D-E81D757B6380}"
EndProject
Project("{FAE04EC0-301F-11D3-BF4B-00C04F79EFBC}") = "JJS_Tool", "..\Tool\JJS_Tool\JJS_Tool.csproj", "{74B42D25-993F-4C51-87FC-0E28A61F8FAB}"
EndProject
Global
	GlobalSection(SolutionConfigurationPlatforms) = preSolution
		Debug|Any CPU = Debug|Any CPU
		Release|Any CPU = Release|Any CPU
	EndGlobalSection
	GlobalSection(ProjectConfigurationPlatforms) = postSolution
		{E871182D-498D-4503-A81D-E81D757B6380}.Debug|Any CPU.ActiveCfg = Debug|Any CPU
		{E871182D-498D-4503-A81D-E81D757B6380}.Debug|Any CPU.Build.0 = Debug|Any CPU
		{E871182D-498D-4503-A81D-E81D757B6380}.Release|Any CPU.ActiveCfg = Release|Any CPU
		{E871182D-498D-4503-A81D-E81D757B6380}.Release|Any CPU.Build.0 = Release|Any CPU
		{74B42D25-993F-4C51-87FC-0E28A61F8FAB}.Debug|Any CPU.ActiveCfg = Debug|Any CPU
		{74B42D25-993F-4C51-87FC-0E28A61F8FAB}.Debug|Any CPU.Build.0 = Debug|Any CPU
		{74B42D25-993F-4C51-87FC-0E28A61F8FAB}.Release|Any CPU.ActiveCfg = Release|Any CPU
		{74B42D25-993F-4C51-87FC-0E28A61F8FAB}.Release|Any CPU.Build.0 = Release|Any CPU
	EndGlobalSection
	GlobalSection(SolutionProperties) = preSolution
		HideSolutionNode = FALSE
	EndGlobalSection
EndGlobal
